
Microsoft Visual Studio Solution File, Format Version 12.00
# Visual Studio Version 17
VisualStudioVersion = 17.2.32526.322
MinimumVisualStudioVersion = 10.0.40219.1
Project("{FAE04EC0-301F-11D3-BF4B-00C04F79EFBC}") = "AbstractClass", "AbstractClass\AbstractClass.csproj", "{58FDD187-3380-4630-925F-EFBF759E0F03}"
EndProject
Global
	GlobalSection(SolutionConfigurationPlatforms) = preSolution
		Debug|Any CPU = Debug|Any CPU
		Release|Any CPU = Release|Any CPU
	EndGlobalSection
	GlobalSection(ProjectConfigurationPlatforms) = postSolution
		{58FDD187-3380-4630-925F-EFBF759E0F03}.Debug|Any CPU.ActiveCfg = Debug|Any CPU
		{58FDD187-3380-4630-925F-EFBF759E0F03}.Debug|Any CPU.Build.0 = Debug|Any CPU
		{58FDD187-3380-4630-925F-EFBF759E0F03}.Release|Any CPU.ActiveCfg = Release|Any CPU
		{58FDD187-3380-4630-925F-EFBF759E0F03}.Release|Any CPU.Build.0 = Release|Any CPU
	EndGlobalSection
	GlobalSection(SolutionProperties) = preSolution
		HideSolutionNode = FALSE
	EndGlobalSection
	GlobalSection(ExtensibilityGlobals) = postSolution
		SolutionGuid = {C344A41F-5BA8-463C-AD32-8F28DD4E4B98}
	EndGlobalSection
EndGlobal
